
Microsoft Visual Studio Solution File, Format Version 12.00
# Visual Studio Version 17
VisualStudioVersion = 17.9.34701.34
MinimumVisualStudioVersion = 10.0.40219.1
Project("{FAE04EC0-301F-11D3-BF4B-00C04F79EFBC}") = "AccesoDatos", "AccesoDatos\AccesoDatos.csproj", "{3A914BB2-66FE-4957-940D-20E9DF4559A2}"
EndProject
Project("{FAE04EC0-301F-11D3-BF4B-00C04F79EFBC}") = "Entidades", "Entidades\Entidades.csproj", "{43DD3B6E-307F-4CC1-9FE4-15510FBE89FF}"
EndProject
Project("{FAE04EC0-301F-11D3-BF4B-00C04F79EFBC}") = "LogicaNegocios", "LogicaNegocios\LogicaNegocios.csproj", "{BC6567DB-F001-434E-A3B4-969F1ED07B74}"
EndProject
Global
	GlobalSection(SolutionConfigurationPlatforms) = preSolution
		Debug|Any CPU = Debug|Any CPU
		Release|Any CPU = Release|Any CPU
	EndGlobalSection
	GlobalSection(ProjectConfigurationPlatforms) = postSolution
		{3A914BB2-66FE-4957-940D-20E9DF4559A2}.Debug|Any CPU.ActiveCfg = Debug|Any CPU
		{3A914BB2-66FE-4957-940D-20E9DF4559A2}.Debug|Any CPU.Build.0 = Debug|Any CPU
		{3A914BB2-66FE-4957-940D-20E9DF4559A2}.Release|Any CPU.ActiveCfg = Release|Any CPU
		{3A914BB2-66FE-4957-940D-20E9DF4559A2}.Release|Any CPU.Build.0 = Release|Any CPU
		{43DD3B6E-307F-4CC1-9FE4-15510FBE89FF}.Debug|Any CPU.ActiveCfg = Debug|Any CPU
		{43DD3B6E-307F-4CC1-9FE4-15510FBE89FF}.Debug|Any CPU.Build.0 = Debug|Any CPU
		{43DD3B6E-307F-4CC1-9FE4-15510FBE89FF}.Release|Any CPU.ActiveCfg = Release|Any CPU
		{43DD3B6E-307F-4CC1-9FE4-15510FBE89FF}.Release|Any CPU.Build.0 = Release|Any CPU
		{BC6567DB-F001-434E-A3B4-969F1ED07B74}.Debug|Any CPU.ActiveCfg = Debug|Any CPU
		{BC6567DB-F001-434E-A3B4-969F1ED07B74}.Debug|Any CPU.Build.0 = Debug|Any CPU
		{BC6567DB-F001-434E-A3B4-969F1ED07B74}.Release|Any CPU.ActiveCfg = Release|Any CPU
		{BC6567DB-F001-434E-A3B4-969F1ED07B74}.Release|Any CPU.Build.0 = Release|Any CPU
	EndGlobalSection
	GlobalSection(SolutionProperties) = preSolution
		HideSolutionNode = FALSE
	EndGlobalSection
	GlobalSection(ExtensibilityGlobals) = postSolution
		SolutionGuid = {1B5CA3F3-ECB6-4D24-93C0-F400273E4E88}
	EndGlobalSection
EndGlobal
